// !$*UTF8*$!
{
	archiveVersion = 1;
	classes = {
	};
	objectVersion = 56;
	objects = {

/* Begin PBXBuildFile section */
		154A7A052A1E1236008EAD40 /* SearchService.swift in Sources */ = {isa = PBXBuildFile; fileRef = 154A7A042A1E1236008EAD40 /* SearchService.swift */; };
		154A7A072A1E17C6008EAD40 /* SearchViewModel.swift in Sources */ = {isa = PBXBuildFile; fileRef = 154A7A062A1E17C6008EAD40 /* SearchViewModel.swift */; };
		157D27272A1751C500B06E5D /* Kingfisher in Frameworks */ = {isa = PBXBuildFile; productRef = 157D27262A1751C500B06E5D /* Kingfisher */; };
		157D27292A175B3300B06E5D /* CurrentUserView.swift in Sources */ = {isa = PBXBuildFile; fileRef = 157D27282A175B3300B06E5D /* CurrentUserView.swift */; };
		157D272B2A17759C00B06E5D /* Post.swift in Sources */ = {isa = PBXBuildFile; fileRef = 157D272A2A17759C00B06E5D /* Post.swift */; };
		15A5EAAD2A11FD4F0016C16A /* InstagramWithSwiftuiApp.swift in Sources */ = {isa = PBXBuildFile; fileRef = 15A5EAAC2A11FD4F0016C16A /* InstagramWithSwiftuiApp.swift */; };
		15A5EAB12A11FD500016C16A /* Assets.xcassets in Resources */ = {isa = PBXBuildFile; fileRef = 15A5EAB02A11FD500016C16A /* Assets.xcassets */; };
		15A5EAB42A11FD500016C16A /* Preview Assets.xcassets in Resources */ = {isa = PBXBuildFile; fileRef = 15A5EAB32A11FD500016C16A /* Preview Assets.xcassets */; };
		15A5EACC2A120D7F0016C16A /* MainTabView.swift in Sources */ = {isa = PBXBuildFile; fileRef = 15A5EACB2A120D7F0016C16A /* MainTabView.swift */; };
		15A5EACE2A12184C0016C16A /* ProfileView.swift in Sources */ = {isa = PBXBuildFile; fileRef = 15A5EACD2A12184C0016C16A /* ProfileView.swift */; };
		15A5EAD12A122F0A0016C16A /* UsersStatView.swift in Sources */ = {isa = PBXBuildFile; fileRef = 15A5EAD02A122F0A0016C16A /* UsersStatView.swift */; };
		15A5EAD32A12401B0016C16A /* FeedView.swift in Sources */ = {isa = PBXBuildFile; fileRef = 15A5EAD22A12401B0016C16A /* FeedView.swift */; };
		15A5EAD72A12403B0016C16A /* FeedCell.swift in Sources */ = {isa = PBXBuildFile; fileRef = 15A5EAD62A12403B0016C16A /* FeedCell.swift */; };
		15AB34802A1359DB0018015A /* SearchView.swift in Sources */ = {isa = PBXBuildFile; fileRef = 15AB347F2A1359DB0018015A /* SearchView.swift */; };
		15AB34822A135B4D0018015A /* SearchProfile.swift in Sources */ = {isa = PBXBuildFile; fileRef = 15AB34812A135B4D0018015A /* SearchProfile.swift */; };
		15AB34842A1361130018015A /* LoginView.swift in Sources */ = {isa = PBXBuildFile; fileRef = 15AB34832A1361130018015A /* LoginView.swift */; };
		15AB34862A1393100018015A /* AddEmailView.swift in Sources */ = {isa = PBXBuildFile; fileRef = 15AB34852A1393100018015A /* AddEmailView.swift */; };
		15AB34882A13973B0018015A /* IGTextFieldModifier.swift in Sources */ = {isa = PBXBuildFile; fileRef = 15AB34872A13973B0018015A /* IGTextFieldModifier.swift */; };
		15B8A5752A1C7DF100C5E135 /* GoogleService-Info.plist in Resources */ = {isa = PBXBuildFile; fileRef = 15B8A5742A1C7DF100C5E135 /* GoogleService-Info.plist */; };
		15B8A5782A1C7F3100C5E135 /* FirebaseAuth in Frameworks */ = {isa = PBXBuildFile; productRef = 15B8A5772A1C7F3100C5E135 /* FirebaseAuth */; };
		15B8A57A2A1C7F3100C5E135 /* FirebaseFirestore in Frameworks */ = {isa = PBXBuildFile; productRef = 15B8A5792A1C7F3100C5E135 /* FirebaseFirestore */; };
		15B8A57C2A1C7F3100C5E135 /* FirebaseFirestoreSwift in Frameworks */ = {isa = PBXBuildFile; productRef = 15B8A57B2A1C7F3100C5E135 /* FirebaseFirestoreSwift */; };
		15B8A57E2A1C7F3100C5E135 /* FirebaseStorage in Frameworks */ = {isa = PBXBuildFile; productRef = 15B8A57D2A1C7F3100C5E135 /* FirebaseStorage */; };
		15B8A5822A1C817E00C5E135 /* AuthService.swift in Sources */ = {isa = PBXBuildFile; fileRef = 15B8A5812A1C817E00C5E135 /* AuthService.swift */; };
		15B8A5842A1C831600C5E135 /* ContentView.swift in Sources */ = {isa = PBXBuildFile; fileRef = 15B8A5832A1C831600C5E135 /* ContentView.swift */; };
		15B8A5862A1C835C00C5E135 /* ContentViewModel.swift in Sources */ = {isa = PBXBuildFile; fileRef = 15B8A5852A1C835C00C5E135 /* ContentViewModel.swift */; };
		15B8A5A22A1CBFAE00C5E135 /* RegistrationViewModel.swift in Sources */ = {isa = PBXBuildFile; fileRef = 15B8A5A12A1CBFAE00C5E135 /* RegistrationViewModel.swift */; };
		15D912622A1487AB00C26B5D /* UserNameView.swift in Sources */ = {isa = PBXBuildFile; fileRef = 15D912612A1487AB00C26B5D /* UserNameView.swift */; };
		15D912662A148BF300C26B5D /* SignUpFlow.swift in Sources */ = {isa = PBXBuildFile; fileRef = 15D912652A148BF300C26B5D /* SignUpFlow.swift */; };
		15D912682A148C8800C26B5D /* SignUpFlowViewModel.swift in Sources */ = {isa = PBXBuildFile; fileRef = 15D912672A148C8800C26B5D /* SignUpFlowViewModel.swift */; };
		15D9126C2A149ECC00C26B5D /* AddPassword.swift in Sources */ = {isa = PBXBuildFile; fileRef = 15D9126B2A149ECC00C26B5D /* AddPassword.swift */; };
		15D912742A14EAFD00C26B5D /* CompleteSignUpView.swift in Sources */ = {isa = PBXBuildFile; fileRef = 15D912732A14EAFD00C26B5D /* CompleteSignUpView.swift */; };
		15D912762A14EF3000C26B5D /* User.swift in Sources */ = {isa = PBXBuildFile; fileRef = 15D912752A14EF3000C26B5D /* User.swift */; };
		15D9127B2A14EFD200C26B5D /* MockUSers.swift in Sources */ = {isa = PBXBuildFile; fileRef = 15D9127A2A14EFD200C26B5D /* MockUSers.swift */; };
		15FBB3822A1B67CF00C9E675 /* PostGridView.swift in Sources */ = {isa = PBXBuildFile; fileRef = 15FBB3812A1B67CF00C9E675 /* PostGridView.swift */; };
		15FBB3842A1B6CA700C9E675 /* ProfileHeaderView.swift in Sources */ = {isa = PBXBuildFile; fileRef = 15FBB3832A1B6CA700C9E675 /* ProfileHeaderView.swift */; };
		15FBB3862A1B6FA600C9E675 /* uploadPosts.swift in Sources */ = {isa = PBXBuildFile; fileRef = 15FBB3852A1B6FA600C9E675 /* uploadPosts.swift */; };
		15FBB3922A1B7AEE00C9E675 /* UploadPostViewModel.swift in Sources */ = {isa = PBXBuildFile; fileRef = 15FBB3912A1B7AEE00C9E675 /* UploadPostViewModel.swift */; };
/* End PBXBuildFile section */

/* Begin PBXFileReference section */
		154A7A042A1E1236008EAD40 /* SearchService.swift */ = {isa = PBXFileReference; lastKnownFileType = sourcecode.swift; path = SearchService.swift; sourceTree = "<group>"; };
		154A7A062A1E17C6008EAD40 /* SearchViewModel.swift */ = {isa = PBXFileReference; lastKnownFileType = sourcecode.swift; path = SearchViewModel.swift; sourceTree = "<group>"; };
		157D27282A175B3300B06E5D /* CurrentUserView.swift */ = {isa = PBXFileReference; lastKnownFileType = sourcecode.swift; path = CurrentUserView.swift; sourceTree = "<group>"; };
		157D272A2A17759C00B06E5D /* Post.swift */ = {isa = PBXFileReference; lastKnownFileType = sourcecode.swift; path = Post.swift; sourceTree = "<group>"; };
		15A5EAA92A11FD4F0016C16A /* InstagramWithSwiftui.app */ = {isa = PBXFileReference; explicitFileType = wrapper.application; includeInIndex = 0; path = InstagramWithSwiftui.app; sourceTree = BUILT_PRODUCTS_DIR; };
		15A5EAAC2A11FD4F0016C16A /* InstagramWithSwiftuiApp.swift */ = {isa = PBXFileReference; lastKnownFileType = sourcecode.swift; path = InstagramWithSwiftuiApp.swift; sourceTree = "<group>"; };
		15A5EAB02A11FD500016C16A /* Assets.xcassets */ = {isa = PBXFileReference; lastKnownFileType = folder.assetcatalog; path = Assets.xcassets; sourceTree = "<group>"; };
		15A5EAB32A11FD500016C16A /* Preview Assets.xcassets */ = {isa = PBXFileReference; lastKnownFileType = folder.assetcatalog; path = "Preview Assets.xcassets"; sourceTree = "<group>"; };
		15A5EACB2A120D7F0016C16A /* MainTabView.swift */ = {isa = PBXFileReference; lastKnownFileType = sourcecode.swift; path = MainTabView.swift; sourceTree = "<group>"; };
		15A5EACD2A12184C0016C16A /* ProfileView.swift */ = {isa = PBXFileReference; lastKnownFileType = sourcecode.swift; path = ProfileView.swift; sourceTree = "<group>"; };
		15A5EAD02A122F0A0016C16A /* UsersStatView.swift */ = {isa = PBXFileReference; lastKnownFileType = sourcecode.swift; path = UsersStatView.swift; sourceTree = "<group>"; };
		15A5EAD22A12401B0016C16A /* FeedView.swift */ = {isa = PBXFileReference; lastKnownFileType = sourcecode.swift; path = FeedView.swift; sourceTree = "<group>"; };
		15A5EAD62A12403B0016C16A /* FeedCell.swift */ = {isa = PBXFileReference; lastKnownFileType = sourcecode.swift; path = FeedCell.swift; sourceTree = "<group>"; };
		15AB347F2A1359DB0018015A /* SearchView.swift */ = {isa = PBXFileReference; lastKnownFileType = sourcecode.swift; path = SearchView.swift; sourceTree = "<group>"; };
		15AB34812A135B4D0018015A /* SearchProfile.swift */ = {isa = PBXFileReference; lastKnownFileType = sourcecode.swift; path = SearchProfile.swift; sourceTree = "<group>"; };
		15AB34832A1361130018015A /* LoginView.swift */ = {isa = PBXFileReference; lastKnownFileType = sourcecode.swift; path = LoginView.swift; sourceTree = "<group>"; };
		15AB34852A1393100018015A /* AddEmailView.swift */ = {isa = PBXFileReference; lastKnownFileType = sourcecode.swift; path = AddEmailView.swift; sourceTree = "<group>"; };
		15AB34872A13973B0018015A /* IGTextFieldModifier.swift */ = {isa = PBXFileReference; lastKnownFileType = sourcecode.swift; path = IGTextFieldModifier.swift; sourceTree = "<group>"; };
		15B8A5742A1C7DF100C5E135 /* GoogleService-Info.plist */ = {isa = PBXFileReference; fileEncoding = 4; lastKnownFileType = text.plist.xml; path = "GoogleService-Info.plist"; sourceTree = "<group>"; };
		15B8A5812A1C817E00C5E135 /* AuthService.swift */ = {isa = PBXFileReference; lastKnownFileType = sourcecode.swift; path = AuthService.swift; sourceTree = "<group>"; };
		15B8A5832A1C831600C5E135 /* ContentView.swift */ = {isa = PBXFileReference; lastKnownFileType = sourcecode.swift; path = ContentView.swift; sourceTree = "<group>"; };
		15B8A5852A1C835C00C5E135 /* ContentViewModel.swift */ = {isa = PBXFileReference; lastKnownFileType = sourcecode.swift; path = ContentViewModel.swift; sourceTree = "<group>"; };
		15B8A5A12A1CBFAE00C5E135 /* RegistrationViewModel.swift */ = {isa = PBXFileReference; lastKnownFileType = sourcecode.swift; path = RegistrationViewModel.swift; sourceTree = "<group>"; };
		15D912612A1487AB00C26B5D /* UserNameView.swift */ = {isa = PBXFileReference; lastKnownFileType = sourcecode.swift; path = UserNameView.swift; sourceTree = "<group>"; };
		15D912652A148BF300C26B5D /* SignUpFlow.swift */ = {isa = PBXFileReference; lastKnownFileType = sourcecode.swift; path = SignUpFlow.swift; sourceTree = "<group>"; };
		15D912672A148C8800C26B5D /* SignUpFlowViewModel.swift */ = {isa = PBXFileReference; lastKnownFileType = sourcecode.swift; path = SignUpFlowViewModel.swift; sourceTree = "<group>"; };
		15D9126B2A149ECC00C26B5D /* AddPassword.swift */ = {isa = PBXFileReference; lastKnownFileType = sourcecode.swift; path = AddPassword.swift; sourceTree = "<group>"; };
		15D912732A14EAFD00C26B5D /* CompleteSignUpView.swift */ = {isa = PBXFileReference; lastKnownFileType = sourcecode.swift; path = CompleteSignUpView.swift; sourceTree = "<group>"; };
		15D912752A14EF3000C26B5D /* User.swift */ = {isa = PBXFileReference; lastKnownFileType = sourcecode.swift; path = User.swift; sourceTree = "<group>"; };
		15D9127A2A14EFD200C26B5D /* MockUSers.swift */ = {isa = PBXFileReference; lastKnownFileType = sourcecode.swift; path = MockUSers.swift; sourceTree = "<group>"; };
		15FBB3812A1B67CF00C9E675 /* PostGridView.swift */ = {isa = PBXFileReference; lastKnownFileType = sourcecode.swift; path = PostGridView.swift; sourceTree = "<group>"; };
		15FBB3832A1B6CA700C9E675 /* ProfileHeaderView.swift */ = {isa = PBXFileReference; lastKnownFileType = sourcecode.swift; path = ProfileHeaderView.swift; sourceTree = "<group>"; };
		15FBB3852A1B6FA600C9E675 /* uploadPosts.swift */ = {isa = PBXFileReference; lastKnownFileType = sourcecode.swift; path = uploadPosts.swift; sourceTree = "<group>"; };
		15FBB3912A1B7AEE00C9E675 /* UploadPostViewModel.swift */ = {isa = PBXFileReference; lastKnownFileType = sourcecode.swift; path = UploadPostViewModel.swift; sourceTree = "<group>"; };
/* End PBXFileReference section */

/* Begin PBXFrameworksBuildPhase section */
		15A5EAA62A11FD4F0016C16A /* Frameworks */ = {
			isa = PBXFrameworksBuildPhase;
			buildActionMask = 2147483647;
			files = (
				157D27272A1751C500B06E5D /* Kingfisher in Frameworks */,
				15B8A5782A1C7F3100C5E135 /* FirebaseAuth in Frameworks */,
				15B8A57A2A1C7F3100C5E135 /* FirebaseFirestore in Frameworks */,
				15B8A57E2A1C7F3100C5E135 /* FirebaseStorage in Frameworks */,
				15B8A57C2A1C7F3100C5E135 /* FirebaseFirestoreSwift in Frameworks */,
			);
			runOnlyForDeploymentPostprocessing = 0;
		};
/* End PBXFrameworksBuildPhase section */

/* Begin PBXGroup section */
		15A5EAA02A11FD4F0016C16A = {
			isa = PBXGroup;
			children = (
				15A5EAAB2A11FD4F0016C16A /* InstagramWithSwiftui */,
				15A5EAAA2A11FD4F0016C16A /* Products */,
			);
			sourceTree = "<group>";
		};
		15A5EAAA2A11FD4F0016C16A /* Products */ = {
			isa = PBXGroup;
			children = (
				15A5EAA92A11FD4F0016C16A /* InstagramWithSwiftui.app */,
			);
			name = Products;
			sourceTree = "<group>";
		};
		15A5EAAB2A11FD4F0016C16A /* InstagramWithSwiftui */ = {
			isa = PBXGroup;
			children = (
				15B8A5742A1C7DF100C5E135 /* GoogleService-Info.plist */,
				15A5EABE2A11FEB90016C16A /* App */,
				15A5EAC12A11FEFA0016C16A /* Extensions */,
				15A5EAC02A11FEF30016C16A /* Services */,
				15A5EABD2A11FEB30016C16A /* Data */,
				15A5EABC2A11FEAE0016C16A /* Views */,
				15A5EABB2A11FEA70016C16A /* ViewModels */,
				15A5EABA2A11FE9C0016C16A /* Models */,
				15A5EAB02A11FD500016C16A /* Assets.xcassets */,
				15A5EAB22A11FD500016C16A /* Preview Content */,
			);
			path = InstagramWithSwiftui;
			sourceTree = "<group>";
		};
		15A5EAB22A11FD500016C16A /* Preview Content */ = {
			isa = PBXGroup;
			children = (
				15A5EAB32A11FD500016C16A /* Preview Assets.xcassets */,
			);
			path = "Preview Content";
			sourceTree = "<group>";
		};
		15A5EABA2A11FE9C0016C16A /* Models */ = {
			isa = PBXGroup;
			children = (
				15D912652A148BF300C26B5D /* SignUpFlow.swift */,
				15D912752A14EF3000C26B5D /* User.swift */,
				157D272A2A17759C00B06E5D /* Post.swift */,
			);
			path = Models;
			sourceTree = "<group>";
		};
		15A5EABB2A11FEA70016C16A /* ViewModels */ = {
			isa = PBXGroup;
			children = (
				15B8A57F2A1C814300C5E135 /* Authentication */,
				15D912672A148C8800C26B5D /* SignUpFlowViewModel.swift */,
				15FBB3912A1B7AEE00C9E675 /* UploadPostViewModel.swift */,
				15B8A5852A1C835C00C5E135 /* ContentViewModel.swift */,
				154A7A062A1E17C6008EAD40 /* SearchViewModel.swift */,
			);
			path = ViewModels;
			sourceTree = "<group>";
		};
		15A5EABC2A11FEAE0016C16A /* Views */ = {
			isa = PBXGroup;
			children = (
				15A5EAC42A120C6F0016C16A /* Authentication */,
				15A5EACF2A122EB40016C16A /* Components */,
				15A5EAC52A120C7A0016C16A /* Feed */,
				15A5EAC62A120C830016C16A /* Profile */,
				15A5EAC72A120C8C0016C16A /* Root */,
				15A5EAC82A120C9A0016C16A /* Search */,
				15A5EAC92A120CDC0016C16A /* TabBar */,
				15A5EACA2A120CE40016C16A /* UploadingPosts */,
			);
			path = Views;
			sourceTree = "<group>";
		};
		15A5EABD2A11FEB30016C16A /* Data */ = {
			isa = PBXGroup;
			children = (
				15B8A5802A1C816D00C5E135 /* AuthService */,
				15D912792A14EFC700C26B5D /* Mocks */,
			);
			path = Data;
			sourceTree = "<group>";
		};
		15A5EABE2A11FEB90016C16A /* App */ = {
			isa = PBXGroup;
			children = (
				15A5EAAC2A11FD4F0016C16A /* InstagramWithSwiftuiApp.swift */,
			);
			path = App;
			sourceTree = "<group>";
		};
		15A5EAC02A11FEF30016C16A /* Services */ = {
			isa = PBXGroup;
			children = (
				154A7A042A1E1236008EAD40 /* SearchService.swift */,
			);
			path = Services;
			sourceTree = "<group>";
		};
		15A5EAC12A11FEFA0016C16A /* Extensions */ = {
			isa = PBXGroup;
			children = (
			);
			path = Extensions;
			sourceTree = "<group>";
		};
		15A5EAC42A120C6F0016C16A /* Authentication */ = {
			isa = PBXGroup;
			children = (
				15AB34832A1361130018015A /* LoginView.swift */,
				15AB34852A1393100018015A /* AddEmailView.swift */,
				15D912612A1487AB00C26B5D /* UserNameView.swift */,
				15D9126B2A149ECC00C26B5D /* AddPassword.swift */,
				15D912732A14EAFD00C26B5D /* CompleteSignUpView.swift */,
			);
			path = Authentication;
			sourceTree = "<group>";
		};
		15A5EAC52A120C7A0016C16A /* Feed */ = {
			isa = PBXGroup;
			children = (
				15A5EAD22A12401B0016C16A /* FeedView.swift */,
				15A5EAD62A12403B0016C16A /* FeedCell.swift */,
			);
			path = Feed;
			sourceTree = "<group>";
		};
		15A5EAC62A120C830016C16A /* Profile */ = {
			isa = PBXGroup;
			children = (
				15A5EACD2A12184C0016C16A /* ProfileView.swift */,
				157D27282A175B3300B06E5D /* CurrentUserView.swift */,
				15FBB3832A1B6CA700C9E675 /* ProfileHeaderView.swift */,
			);
			path = Profile;
			sourceTree = "<group>";
		};
		15A5EAC72A120C8C0016C16A /* Root */ = {
			isa = PBXGroup;
			children = (
				15B8A5832A1C831600C5E135 /* ContentView.swift */,
			);
			path = Root;
			sourceTree = "<group>";
		};
		15A5EAC82A120C9A0016C16A /* Search */ = {
			isa = PBXGroup;
			children = (
				15AB347F2A1359DB0018015A /* SearchView.swift */,
				15AB34812A135B4D0018015A /* SearchProfile.swift */,
			);
			path = Search;
			sourceTree = "<group>";
		};
		15A5EAC92A120CDC0016C16A /* TabBar */ = {
			isa = PBXGroup;
			children = (
				15A5EACB2A120D7F0016C16A /* MainTabView.swift */,
			);
			path = TabBar;
			sourceTree = "<group>";
		};
		15A5EACA2A120CE40016C16A /* UploadingPosts */ = {
			isa = PBXGroup;
			children = (
				15FBB3852A1B6FA600C9E675 /* uploadPosts.swift */,
			);
			path = UploadingPosts;
			sourceTree = "<group>";
		};
		15A5EACF2A122EB40016C16A /* Components */ = {
			isa = PBXGroup;
			children = (
				15A5EAD02A122F0A0016C16A /* UsersStatView.swift */,
				15AB34872A13973B0018015A /* IGTextFieldModifier.swift */,
				15FBB3812A1B67CF00C9E675 /* PostGridView.swift */,
			);
			path = Components;
			sourceTree = "<group>";
		};
		15B8A57F2A1C814300C5E135 /* Authentication */ = {
			isa = PBXGroup;
			children = (
				15B8A5812A1C817E00C5E135 /* AuthService.swift */,
				15B8A5A12A1CBFAE00C5E135 /* RegistrationViewModel.swift */,
			);
			path = Authentication;
			sourceTree = "<group>";
		};
		15B8A5802A1C816D00C5E135 /* AuthService */ = {
			isa = PBXGroup;
			children = (
			);
			path = AuthService;
			sourceTree = "<group>";
		};
		15D912792A14EFC700C26B5D /* Mocks */ = {
			isa = PBXGroup;
			children = (
				15D9127A2A14EFD200C26B5D /* MockUSers.swift */,
			);
			path = Mocks;
			sourceTree = "<group>";
		};
/* End PBXGroup section */

/* Begin PBXNativeTarget section */
		15A5EAA82A11FD4F0016C16A /* InstagramWithSwiftui */ = {
			isa = PBXNativeTarget;
			buildConfigurationList = 15A5EAB72A11FD500016C16A /* Build configuration list for PBXNativeTarget "InstagramWithSwiftui" */;
			buildPhases = (
				15A5EAA52A11FD4F0016C16A /* Sources */,
				15A5EAA62A11FD4F0016C16A /* Frameworks */,
				15A5EAA72A11FD4F0016C16A /* Resources */,
			);
			buildRules = (
			);
			dependencies = (
			);
			name = InstagramWithSwiftui;
			packageProductDependencies = (
				157D27262A1751C500B06E5D /* Kingfisher */,
				15B8A5772A1C7F3100C5E135 /* FirebaseAuth */,
				15B8A5792A1C7F3100C5E135 /* FirebaseFirestore */,
				15B8A57B2A1C7F3100C5E135 /* FirebaseFirestoreSwift */,
				15B8A57D2A1C7F3100C5E135 /* FirebaseStorage */,
			);
			productName = InstagramWithSwiftui;
			productReference = 15A5EAA92A11FD4F0016C16A /* InstagramWithSwiftui.app */;
			productType = "com.apple.product-type.application";
		};
/* End PBXNativeTarget section */

/* Begin PBXProject section */
		15A5EAA12A11FD4F0016C16A /* Project object */ = {
			isa = PBXProject;
			attributes = {
				BuildIndependentTargetsInParallel = 1;
				LastSwiftUpdateCheck = 1430;
				LastUpgradeCheck = 1430;
				TargetAttributes = {
					15A5EAA82A11FD4F0016C16A = {
						CreatedOnToolsVersion = 14.3;
					};
				};
			};
			buildConfigurationList = 15A5EAA42A11FD4F0016C16A /* Build configuration list for PBXProject "InstagramWithSwiftui" */;
			compatibilityVersion = "Xcode 14.0";
			developmentRegion = en;
			hasScannedForEncodings = 0;
			knownRegions = (
				en,
				Base,
			);
			mainGroup = 15A5EAA02A11FD4F0016C16A;
			packageReferences = (
				157D27252A1751C500B06E5D /* XCRemoteSwiftPackageReference "Kingfisher" */,
				15B8A5762A1C7F3100C5E135 /* XCRemoteSwiftPackageReference "firebase-ios-sdk" */,
			);
			productRefGroup = 15A5EAAA2A11FD4F0016C16A /* Products */;
			projectDirPath = "";
			projectRoot = "";
			targets = (
				15A5EAA82A11FD4F0016C16A /* InstagramWithSwiftui */,
			);
		};
/* End PBXProject section */

/* Begin PBXResourcesBuildPhase section */
		15A5EAA72A11FD4F0016C16A /* Resources */ = {
			isa = PBXResourcesBuildPhase;
			buildActionMask = 2147483647;
			files = (
				15A5EAB42A11FD500016C16A /* Preview Assets.xcassets in Resources */,
				15B8A5752A1C7DF100C5E135 /* GoogleService-Info.plist in Resources */,
				15A5EAB12A11FD500016C16A /* Assets.xcassets in Resources */,
			);
			runOnlyForDeploymentPostprocessing = 0;
		};
/* End PBXResourcesBuildPhase section */

/* Begin PBXSourcesBuildPhase section */
		15A5EAA52A11FD4F0016C16A /* Sources */ = {
			isa = PBXSourcesBuildPhase;
			buildActionMask = 2147483647;
			files = (
				15D912622A1487AB00C26B5D /* UserNameView.swift in Sources */,
				15A5EAD72A12403B0016C16A /* FeedCell.swift in Sources */,
				15D9126C2A149ECC00C26B5D /* AddPassword.swift in Sources */,
				15D912682A148C8800C26B5D /* SignUpFlowViewModel.swift in Sources */,
				15A5EACE2A12184C0016C16A /* ProfileView.swift in Sources */,
				15B8A5862A1C835C00C5E135 /* ContentViewModel.swift in Sources */,
				154A7A072A1E17C6008EAD40 /* SearchViewModel.swift in Sources */,
				15A5EAAD2A11FD4F0016C16A /* InstagramWithSwiftuiApp.swift in Sources */,
				15AB34842A1361130018015A /* LoginView.swift in Sources */,
				15B8A5822A1C817E00C5E135 /* AuthService.swift in Sources */,
				15D912762A14EF3000C26B5D /* User.swift in Sources */,
				15AB34802A1359DB0018015A /* SearchView.swift in Sources */,
				15B8A5842A1C831600C5E135 /* ContentView.swift in Sources */,
				15AB34862A1393100018015A /* AddEmailView.swift in Sources */,
				15D912662A148BF300C26B5D /* SignUpFlow.swift in Sources */,
				15FBB3922A1B7AEE00C9E675 /* UploadPostViewModel.swift in Sources */,
				15FBB3822A1B67CF00C9E675 /* PostGridView.swift in Sources */,
				15A5EAD12A122F0A0016C16A /* UsersStatView.swift in Sources */,
				15B8A5A22A1CBFAE00C5E135 /* RegistrationViewModel.swift in Sources */,
				15FBB3842A1B6CA700C9E675 /* ProfileHeaderView.swift in Sources */,
				15D9127B2A14EFD200C26B5D /* MockUSers.swift in Sources */,
				15AB34882A13973B0018015A /* IGTextFieldModifier.swift in Sources */,
				15AB34822A135B4D0018015A /* SearchProfile.swift in Sources */,
				15D912742A14EAFD00C26B5D /* CompleteSignUpView.swift in Sources */,
				15FBB3862A1B6FA600C9E675 /* uploadPosts.swift in Sources */,
				15A5EAD32A12401B0016C16A /* FeedView.swift in Sources */,
				15A5EACC2A120D7F0016C16A /* MainTabView.swift in Sources */,
				154A7A052A1E1236008EAD40 /* SearchService.swift in Sources */,
				157D27292A175B3300B06E5D /* CurrentUserView.swift in Sources */,
				157D272B2A17759C00B06E5D /* Post.swift in Sources */,
			);
			runOnlyForDeploymentPostprocessing = 0;
		};
/* End PBXSourcesBuildPhase section */

/* Begin XCBuildConfiguration section */
		15A5EAB52A11FD500016C16A /* Debug */ = {
			isa = XCBuildConfiguration;
			buildSettings = {
				ALWAYS_SEARCH_USER_PATHS = NO;
				CLANG_ANALYZER_NONNULL = YES;
				CLANG_ANALYZER_NUMBER_OBJECT_CONVERSION = YES_AGGRESSIVE;
				CLANG_CXX_LANGUAGE_STANDARD = "gnu++20";
				CLANG_ENABLE_MODULES = YES;
				CLANG_ENABLE_OBJC_ARC = YES;
				CLANG_ENABLE_OBJC_WEAK = YES;
				CLANG_WARN_BLOCK_CAPTURE_AUTORELEASING = YES;
				CLANG_WARN_BOOL_CONVERSION = YES;
				CLANG_WARN_COMMA = YES;
				CLANG_WARN_CONSTANT_CONVERSION = YES;
				CLANG_WARN_DEPRECATED_OBJC_IMPLEMENTATIONS = YES;
				CLANG_WARN_DIRECT_OBJC_ISA_USAGE = YES_ERROR;
				CLANG_WARN_DOCUMENTATION_COMMENTS = YES;
				CLANG_WARN_EMPTY_BODY = YES;
				CLANG_WARN_ENUM_CONVERSION = YES;
				CLANG_WARN_INFINITE_RECURSION = YES;
				CLANG_WARN_INT_CONVERSION = YES;
				CLANG_WARN_NON_LITERAL_NULL_CONVERSION = YES;
				CLANG_WARN_OBJC_IMPLICIT_RETAIN_SELF = YES;
				CLANG_WARN_OBJC_LITERAL_CONVERSION = YES;
				CLANG_WARN_OBJC_ROOT_CLASS = YES_ERROR;
				CLANG_WARN_QUOTED_INCLUDE_IN_FRAMEWORK_HEADER = YES;
				CLANG_WARN_RANGE_LOOP_ANALYSIS = YES;
				CLANG_WARN_STRICT_PROTOTYPES = YES;
				CLANG_WARN_SUSPICIOUS_MOVE = YES;
				CLANG_WARN_UNGUARDED_AVAILABILITY = YES_AGGRESSIVE;
				CLANG_WARN_UNREACHABLE_CODE = YES;
				CLANG_WARN__DUPLICATE_METHOD_MATCH = YES;
				COPY_PHASE_STRIP = NO;
				DEBUG_INFORMATION_FORMAT = dwarf;
				ENABLE_STRICT_OBJC_MSGSEND = YES;
				ENABLE_TESTABILITY = YES;
				GCC_C_LANGUAGE_STANDARD = gnu11;
				GCC_DYNAMIC_NO_PIC = NO;
				GCC_NO_COMMON_BLOCKS = YES;
				GCC_OPTIMIZATION_LEVEL = 0;
				GCC_PREPROCESSOR_DEFINITIONS = (
					"DEBUG=1",
					"$(inherited)",
				);
				GCC_WARN_64_TO_32_BIT_CONVERSION = YES;
				GCC_WARN_ABOUT_RETURN_TYPE = YES_ERROR;
				GCC_WARN_UNDECLARED_SELECTOR = YES;
				GCC_WARN_UNINITIALIZED_AUTOS = YES_AGGRESSIVE;
				GCC_WARN_UNUSED_FUNCTION = YES;
				GCC_WARN_UNUSED_VARIABLE = YES;
				IPHONEOS_DEPLOYMENT_TARGET = 16.4;
				MTL_ENABLE_DEBUG_INFO = INCLUDE_SOURCE;
				MTL_FAST_MATH = YES;
				ONLY_ACTIVE_ARCH = YES;
				SDKROOT = iphoneos;
				SWIFT_ACTIVE_COMPILATION_CONDITIONS = DEBUG;
				SWIFT_OPTIMIZATION_LEVEL = "-Onone";
			};
			name = Debug;
		};
		15A5EAB62A11FD500016C16A /* Release */ = {
			isa = XCBuildConfiguration;
			buildSettings = {
				ALWAYS_SEARCH_USER_PATHS = NO;
				CLANG_ANALYZER_NONNULL = YES;
				CLANG_ANALYZER_NUMBER_OBJECT_CONVERSION = YES_AGGRESSIVE;
				CLANG_CXX_LANGUAGE_STANDARD = "gnu++20";
				CLANG_ENABLE_MODULES = YES;
				CLANG_ENABLE_OBJC_ARC = YES;
				CLANG_ENABLE_OBJC_WEAK = YES;
				CLANG_WARN_BLOCK_CAPTURE_AUTORELEASING = YES;
				CLANG_WARN_BOOL_CONVERSION = YES;
				CLANG_WARN_COMMA = YES;
				CLANG_WARN_CONSTANT_CONVERSION = YES;
				CLANG_WARN_DEPRECATED_OBJC_IMPLEMENTATIONS = YES;
				CLANG_WARN_DIRECT_OBJC_ISA_USAGE = YES_ERROR;
				CLANG_WARN_DOCUMENTATION_COMMENTS = YES;
				CLANG_WARN_EMPTY_BODY = YES;
				CLANG_WARN_ENUM_CONVERSION = YES;
				CLANG_WARN_INFINITE_RECURSION = YES;
				CLANG_WARN_INT_CONVERSION = YES;
				CLANG_WARN_NON_LITERAL_NULL_CONVERSION = YES;
				CLANG_WARN_OBJC_IMPLICIT_RETAIN_SELF = YES;
				CLANG_WARN_OBJC_LITERAL_CONVERSION = YES;
				CLANG_WARN_OBJC_ROOT_CLASS = YES_ERROR;
				CLANG_WARN_QUOTED_INCLUDE_IN_FRAMEWORK_HEADER = YES;
				CLANG_WARN_RANGE_LOOP_ANALYSIS = YES;
				CLANG_WARN_STRICT_PROTOTYPES = YES;
				CLANG_WARN_SUSPICIOUS_MOVE = YES;
				CLANG_WARN_UNGUARDED_AVAILABILITY = YES_AGGRESSIVE;
				CLANG_WARN_UNREACHABLE_CODE = YES;
				CLANG_WARN__DUPLICATE_METHOD_MATCH = YES;
				COPY_PHASE_STRIP = NO;
				DEBUG_INFORMATION_FORMAT = "dwarf-with-dsym";
				ENABLE_NS_ASSERTIONS = NO;
				ENABLE_STRICT_OBJC_MSGSEND = YES;
				GCC_C_LANGUAGE_STANDARD = gnu11;
				GCC_NO_COMMON_BLOCKS = YES;
				GCC_WARN_64_TO_32_BIT_CONVERSION = YES;
				GCC_WARN_ABOUT_RETURN_TYPE = YES_ERROR;
				GCC_WARN_UNDECLARED_SELECTOR = YES;
				GCC_WARN_UNINITIALIZED_AUTOS = YES_AGGRESSIVE;
				GCC_WARN_UNUSED_FUNCTION = YES;
				GCC_WARN_UNUSED_VARIABLE = YES;
				IPHONEOS_DEPLOYMENT_TARGET = 16.4;
				MTL_ENABLE_DEBUG_INFO = NO;
				MTL_FAST_MATH = YES;
				SDKROOT = iphoneos;
				SWIFT_COMPILATION_MODE = wholemodule;
				SWIFT_OPTIMIZATION_LEVEL = "-O";
				VALIDATE_PRODUCT = YES;
			};
			name = Release;
		};
		15A5EAB82A11FD500016C16A /* Debug */ = {
			isa = XCBuildConfiguration;
			buildSettings = {
				ASSETCATALOG_COMPILER_APPICON_NAME = AppIcon;
				ASSETCATALOG_COMPILER_GLOBAL_ACCENT_COLOR_NAME = AccentColor;
				CODE_SIGN_STYLE = Automatic;
				CURRENT_PROJECT_VERSION = 1;
				DEVELOPMENT_ASSET_PATHS = "\"InstagramWithSwiftui/Preview Content\"";
				ENABLE_PREVIEWS = YES;
				GENERATE_INFOPLIST_FILE = YES;
				INFOPLIST_KEY_UIApplicationSceneManifest_Generation = YES;
				INFOPLIST_KEY_UIApplicationSupportsIndirectInputEvents = YES;
				INFOPLIST_KEY_UILaunchScreen_Generation = YES;
				INFOPLIST_KEY_UISupportedInterfaceOrientations_iPad = "UIInterfaceOrientationPortrait UIInterfaceOrientationPortraitUpsideDown UIInterfaceOrientationLandscapeLeft UIInterfaceOrientationLandscapeRight";
				INFOPLIST_KEY_UISupportedInterfaceOrientations_iPhone = "UIInterfaceOrientationPortrait UIInterfaceOrientationLandscapeLeft UIInterfaceOrientationLandscapeRight";
				LD_RUNPATH_SEARCH_PATHS = (
					"$(inherited)",
					"@executable_path/Frameworks",
				);
				MARKETING_VERSION = 1.0;
				PRODUCT_BUNDLE_IDENTIFIER = testswift.InstagramWithSwiftui;
				PRODUCT_NAME = "$(TARGET_NAME)";
				SWIFT_EMIT_LOC_STRINGS = YES;
				SWIFT_VERSION = 5.0;
				TARGETED_DEVICE_FAMILY = "1,2";
			};
			name = Debug;
		};
		15A5EAB92A11FD500016C16A /* Release */ = {
			isa = XCBuildConfiguration;
			buildSettings = {
				ASSETCATALOG_COMPILER_APPICON_NAME = AppIcon;
				ASSETCATALOG_COMPILER_GLOBAL_ACCENT_COLOR_NAME = AccentColor;
				CODE_SIGN_STYLE = Automatic;
				CURRENT_PROJECT_VERSION = 1;
				DEVELOPMENT_ASSET_PATHS = "\"InstagramWithSwiftui/Preview Content\"";
				ENABLE_PREVIEWS = YES;
				GENERATE_INFOPLIST_FILE = YES;
				INFOPLIST_KEY_UIApplicationSceneManifest_Generation = YES;
				INFOPLIST_KEY_UIApplicationSupportsIndirectInputEvents = YES;
				INFOPLIST_KEY_UILaunchScreen_Generation = YES;
				INFOPLIST_KEY_UISupportedInterfaceOrientations_iPad = "UIInterfaceOrientationPortrait UIInterfaceOrientationPortraitUpsideDown UIInterfaceOrientationLandscapeLeft UIInterfaceOrientationLandscapeRight";
				INFOPLIST_KEY_UISupportedInterfaceOrientations_iPhone = "UIInterfaceOrientationPortrait UIInterfaceOrientationLandscapeLeft UIInterfaceOrientationLandscapeRight";
				LD_RUNPATH_SEARCH_PATHS = (
					"$(inherited)",
					"@executable_path/Frameworks",
				);
				MARKETING_VERSION = 1.0;
				PRODUCT_BUNDLE_IDENTIFIER = testswift.InstagramWithSwiftui;
				PRODUCT_NAME = "$(TARGET_NAME)";
				SWIFT_EMIT_LOC_STRINGS = YES;
				SWIFT_VERSION = 5.0;
				TARGETED_DEVICE_FAMILY = "1,2";
			};
			name = Release;
		};
/* End XCBuildConfiguration section */

/* Begin XCConfigurationList section */
		15A5EAA42A11FD4F0016C16A /* Build configuration list for PBXProject "InstagramWithSwiftui" */ = {
			isa = XCConfigurationList;
			buildConfigurations = (
				15A5EAB52A11FD500016C16A /* Debug */,
				15A5EAB62A11FD500016C16A /* Release */,
			);
			defaultConfigurationIsVisible = 0;
			defaultConfigurationName = Release;
		};
		15A5EAB72A11FD500016C16A /* Build configuration list for PBXNativeTarget "InstagramWithSwiftui" */ = {
			isa = XCConfigurationList;
			buildConfigurations = (
				15A5EAB82A11FD500016C16A /* Debug */,
				15A5EAB92A11FD500016C16A /* Release */,
			);
			defaultConfigurationIsVisible = 0;
			defaultConfigurationName = Release;
		};
/* End XCConfigurationList section */

/* Begin XCRemoteSwiftPackageReference section */
		157D27252A1751C500B06E5D /* XCRemoteSwiftPackageReference "Kingfisher" */ = {
			isa = XCRemoteSwiftPackageReference;
			repositoryURL = "https://github.com/onevcat/Kingfisher.git";
			requirement = {
				kind = upToNextMajorVersion;
				minimumVersion = 7.0.0;
			};
		};
		15B8A5762A1C7F3100C5E135 /* XCRemoteSwiftPackageReference "firebase-ios-sdk" */ = {
			isa = XCRemoteSwiftPackageReference;
			repositoryURL = "https://github.com/firebase/firebase-ios-sdk.git";
			requirement = {
				kind = upToNextMajorVersion;
				minimumVersion = 10.0.0;
			};
		};
/* End XCRemoteSwiftPackageReference section */

/* Begin XCSwiftPackageProductDependency section */
		157D27262A1751C500B06E5D /* Kingfisher */ = {
			isa = XCSwiftPackageProductDependency;
			package = 157D27252A1751C500B06E5D /* XCRemoteSwiftPackageReference "Kingfisher" */;
			productName = Kingfisher;
		};
		15B8A5772A1C7F3100C5E135 /* FirebaseAuth */ = {
			isa = XCSwiftPackageProductDependency;
			package = 15B8A5762A1C7F3100C5E135 /* XCRemoteSwiftPackageReference "firebase-ios-sdk" */;
			productName = FirebaseAuth;
		};
		15B8A5792A1C7F3100C5E135 /* FirebaseFirestore */ = {
			isa = XCSwiftPackageProductDependency;
			package = 15B8A5762A1C7F3100C5E135 /* XCRemoteSwiftPackageReference "firebase-ios-sdk" */;
			productName = FirebaseFirestore;
		};
		15B8A57B2A1C7F3100C5E135 /* FirebaseFirestoreSwift */ = {
			isa = XCSwiftPackageProductDependency;
			package = 15B8A5762A1C7F3100C5E135 /* XCRemoteSwiftPackageReference "firebase-ios-sdk" */;
			productName = FirebaseFirestoreSwift;
		};
		15B8A57D2A1C7F3100C5E135 /* FirebaseStorage */ = {
			isa = XCSwiftPackageProductDependency;
			package = 15B8A5762A1C7F3100C5E135 /* XCRemoteSwiftPackageReference "firebase-ios-sdk" */;
			productName = FirebaseStorage;
		};
/* End XCSwiftPackageProductDependency section */
	};
	rootObject = 15A5EAA12A11FD4F0016C16A /* Project object */;
}
